
Microsoft Visual Studio Solution File, Format Version 12.00
# Visual Studio Version 16
VisualStudioVersion = 16.0.29519.87
MinimumVisualStudioVersion = 10.0.40219.1
Project("{FAE04EC0-301F-11D3-BF4B-00C04F79EFBC}") = "VisitCard.Android", "VisitCard.Android\VisitCard.Android.csproj", "{D0A42CDC-3740-497F-BDD5-F86FF53FA973}"
EndProject
Project("{9A19103F-16F7-4668-BE54-9A1E7A4F7556}") = "VisitCard", "VisitCard\VisitCard.csproj", "{2B6D8630-ADEB-4FC6-A362-8C6100204060}"
EndProject
Global
	GlobalSection(SolutionConfigurationPlatforms) = preSolution
		Debug|Any CPU = Debug|Any CPU
		Release|Any CPU = Release|Any CPU
	EndGlobalSection
	GlobalSection(ProjectConfigurationPlatforms) = postSolution
		{D0A42CDC-3740-497F-BDD5-F86FF53FA973}.Debug|Any CPU.ActiveCfg = Debug|Any CPU
		{D0A42CDC-3740-497F-BDD5-F86FF53FA973}.Debug|Any CPU.Build.0 = Debug|Any CPU
		{D0A42CDC-3740-497F-BDD5-F86FF53FA973}.Debug|Any CPU.Deploy.0 = Debug|Any CPU
		{D0A42CDC-3740-497F-BDD5-F86FF53FA973}.Release|Any CPU.ActiveCfg = Release|Any CPU
		{D0A42CDC-3740-497F-BDD5-F86FF53FA973}.Release|Any CPU.Build.0 = Release|Any CPU
		{D0A42CDC-3740-497F-BDD5-F86FF53FA973}.Release|Any CPU.Deploy.0 = Release|Any CPU
		{2B6D8630-ADEB-4FC6-A362-8C6100204060}.Debug|Any CPU.ActiveCfg = Debug|Any CPU
		{2B6D8630-ADEB-4FC6-A362-8C6100204060}.Debug|Any CPU.Build.0 = Debug|Any CPU
		{2B6D8630-ADEB-4FC6-A362-8C6100204060}.Debug|Any CPU.Deploy.0 = Debug|Any CPU
		{2B6D8630-ADEB-4FC6-A362-8C6100204060}.Release|Any CPU.ActiveCfg = Release|Any CPU
		{2B6D8630-ADEB-4FC6-A362-8C6100204060}.Release|Any CPU.Build.0 = Release|Any CPU
		{2B6D8630-ADEB-4FC6-A362-8C6100204060}.Release|Any CPU.Deploy.0 = Release|Any CPU
	EndGlobalSection
	GlobalSection(SolutionProperties) = preSolution
		HideSolutionNode = FALSE
	EndGlobalSection
	GlobalSection(ExtensibilityGlobals) = postSolution
		SolutionGuid = {6B37015B-3D97-4D2A-93F9-C026DA8AEB2B}
	EndGlobalSection
EndGlobal
